version = 1
revision = 3
requires-python = ">=3.7"
resolution-markers = [
    "python_full_version >= '3.8'",
    "python_full_version < '3.8'",
]

[[package]]
name = "pynini"
version = "2.1.6"
source = { registry = "https://pypi.org/simple" }
resolution-markers = [
    "python_full_version < '3.8'",
]
sdist = { url = "https://files.pythonhosted.org/packages/9b/69/4b59968b0fd351a153d7a3c2feaa6e7514c903c063bbd7f7e1e3f1c079b0/pynini-2.1.6.tar.gz", hash = "sha256:b09b6dda73608cedf962dbfbcfa5826b0984d1b43a8f995761972e6e032921c6", size = 789830, upload-time = "2024-01-13T05:20:20.851Z" }
wheels = [
    { url = "https://files.pythonhosted.org/packages/56/81/4bb768d67943088a0bc12d9f3581e7edc9addf4b29b91f65b4ed733c0a0f/pynini-2.1.6-cp310-cp310-manylinux_2_28_x86_64.whl", hash = "sha256:d04d3000cda1cd006c791d8c08ecf9472e3710430024b3130eac3fad26afee60", size = 154541768, upload-time = "2024-01-13T05:19:49.447Z" },
    { url = "https://files.pythonhosted.org/packages/6c/83/801b61aba6e089209387bf47e4bde5201acea990bb8311ddabca9e547e92/pynini-2.1.6-cp311-cp311-manylinux_2_28_x86_64.whl", hash = "sha256:a9c2b168bc2b5c6cee82a77515122ad14cbdcd9292cb050eb2824b1b48be1b37", size = 154760794, upload-time = "2024-01-13T05:20:12.151Z" },
    { url = "https://files.pythonhosted.org/packages/b3/34/403a5e792a8454168c9b9e8b7d8141027e9fb5453013d2f9320e0b083333/pynini-2.1.6-cp312-cp312-manylinux_2_28_x86_64.whl", hash = "sha256:f32d1c0b3aa05a76153c7e0e395e553e93acddf4a436cbec5d50d1eb1d354bcd", size = 154695139, upload-time = "2024-01-13T05:20:35.048Z" },
    { url = "https://files.pythonhosted.org/packages/b0/89/96579401213151c79653265cf5796de9b64ad646557da143b5e8d54a72f0/pynini-2.1.6-cp37-cp37m-manylinux_2_28_x86_64.whl", hash = "sha256:36813f54676b212cea8342f37b6ed2b05b6a501918e8a216fad93fbd279b2839", size = 154402779, upload-time = "2024-01-13T05:20:57.898Z" },
    { url = "https://files.pythonhosted.org/packages/ae/8f/7fc640d272504912b64d1c5611100fc143ae3e729aa44a76c69b61416f55/pynini-2.1.6-cp38-cp38-manylinux_2_28_x86_64.whl", hash = "sha256:58cf8cfb4a7ec951cf6602bb7f1683139a1ae1cd55aa3d0b89aad76017158904", size = 154668590, upload-time = "2024-01-13T05:21:22.331Z" },
    { url = "https://files.pythonhosted.org/packages/16/8f/8cf07be05502187bb5fad3f711399a13b67185cd684f97c7114d1398ac2c/pynini-2.1.6-cp39-cp39-manylinux_2_28_x86_64.whl", hash = "sha256:294c9ae1c9db54f6d3f235f240332c9f5c84409df5f62c695fe609b337277f4d", size = 154546389, upload-time = "2024-01-13T05:21:45.722Z" },
    { url = "https://files.pythonhosted.org/packages/f3/25/e5c69822c420a9fbde5f76df6e482e370d24bcebd6cacd9e12c829aaabaf/pynini-2.1.6-pp310-pypy310_pp73-manylinux_2_28_x86_64.whl", hash = "sha256:bb6bef42826b015d778ae6874e3972e8d06417c7f48c7d7635a2bef7d13eb840", size = 98750429, upload-time = "2024-01-13T05:22:01.15Z" },
    { url = "https://files.pythonhosted.org/packages/46/f2/853a7b923a3c6654de2acc2606618fe8455ebf550bc454594b8b5e3bb8c4/pynini-2.1.6-pp37-pypy37_pp73-manylinux_2_28_x86_64.whl", hash = "sha256:f9ad3b8eac04a02510cfb4628e45eba2d34cce01d742cdacb591acc9c294dfa2", size = 98794167, upload-time = "2024-01-13T05:22:17.486Z" },
    { url = "https://files.pythonhosted.org/packages/7f/ef/ea8bd3327d1ded63aea3833933f07fa688bcdaf1a5029097b80af3122f35/pynini-2.1.6-pp38-pypy38_pp73-manylinux_2_28_x86_64.whl", hash = "sha256:e40421f06f0b95301078fe64899d83f7d102cf437a0ac283e99eac8d7d17626b", size = 98774323, upload-time = "2024-01-13T05:22:33.187Z" },
    { url = "https://files.pythonhosted.org/packages/dc/29/72cbb297d90441221bee50e47b5bdfb01ab6c1c50aca6aa2b016bac211ae/pynini-2.1.6-pp39-pypy39_pp73-manylinux_2_28_x86_64.whl", hash = "sha256:1a856cb4314602db27b293b9380ba1c77077e33e21860ece24eedcc1a70aa3f0", size = 98751905, upload-time = "2024-01-13T05:22:50.262Z" },
]

[[package]]
name = "pynini"
version = "2.1.7"
source = { registry = "https://pypi.org/simple" }
resolution-markers = [
    "python_full_version >= '3.8'",
]
sdist = { url = "https://files.pythonhosted.org/packages/c6/b6/09a0efe843df37d9c80a9a1c190c7bb28d8920cee401e2a61c46f1328ec1/pynini-2.1.7.tar.gz", hash = "sha256:fc06cc02adcbd4b14eb94ae9f2a0949d110612d2d4ee3a7ac5dc97b45fff8e33", size = 789771, upload-time = "2025-09-04T22:15:39.628Z" }
wheels = [
    { url = "https://files.pythonhosted.org/packages/b0/20/fd233d658ce68b335ba6387dbc9497288c00b13d1bd54f47156bf785948d/pynini-2.1.7-cp310-cp310-manylinux_2_27_x86_64.manylinux_2_28_x86_64.whl", hash = "sha256:644f75b67a591f668b26318b6d98514a85be5264b4117f50f358901e4513c901", size = 165420949, upload-time = "2025-09-04T22:05:41.092Z" },
    { url = "https://files.pythonhosted.org/packages/62/4b/d3a90b0355e28bcd28e4377b9d2b536884de9ae9aa74a78886971467a8dd/pynini-2.1.7-cp311-cp311-manylinux_2_27_x86_64.manylinux_2_28_x86_64.whl", hash = "sha256:d078331bf24d2f46d3ff8940f558b88ce059ad72a37c0019b0411b03a136d986", size = 165557802, upload-time = "2025-09-04T22:05:48.195Z" },
    { url = "https://files.pythonhosted.org/packages/ef/16/8624f73412f4571517dc97e027c6b73db849c7c649aad70aa2dd168834a1/pynini-2.1.7-cp312-cp312-manylinux_2_27_x86_64.manylinux_2_28_x86_64.whl", hash = "sha256:574985fb1cae220ac96caa30476d764fe6d8991cc4f378d83e276591118eb10a", size = 165508989, upload-time = "2025-09-04T22:05:54.495Z" },
    { url = "https://files.pythonhosted.org/packages/a9/9b/dcbf23733cd57a86dc4aa425aba2a4efff301acf152e50065c232449ade6/pynini-2.1.7-cp313-cp313-manylinux_2_27_x86_64.manylinux_2_28_x86_64.whl", hash = "sha256:764ae36dd9f3480e88c4d4046d108a74c4923510d0aa93062debfe1f742b356f", size = 165495070, upload-time = "2025-09-04T22:06:00.483Z" },
    { url = "https://files.pythonhosted.org/packages/88/c2/d47eae721b2ac558d72c61250ee64918cff453e40d5c02db53ec21983ef9/pynini-2.1.7-cp313-cp313t-manylinux_2_27_x86_64.manylinux_2_28_x86_64.whl", hash = "sha256:a7e59fc8ac5eed9234f9d394e882bd7048808590e15abcce5ce03662b8e5ea79", size = 165409045, upload-time = "2025-09-04T22:06:08.351Z" },
    { url = "https://files.pythonhosted.org/packages/27/23/74fb65f0cdd345b8b186f80a3bdd318e93906b572cd82721a16bee9b1eaa/pynini-2.1.7-cp314-cp314-manylinux_2_27_x86_64.manylinux_2_28_x86_64.whl", hash = "sha256:aaf2171cf5d744961d1080a680f1725807b4d179588a6ad3135596c2e0e06bc0", size = 165463702, upload-time = "2025-09-04T22:06:17.204Z" },
    { url = "https://files.pythonhosted.org/packages/61/41/fd9c867fbe1a9141ea57a59e6a8b087ba88f19e97bd46b39dcf77ed00ecb/pynini-2.1.7-cp314-cp314t-manylinux_2_27_x86_64.manylinux_2_28_x86_64.whl", hash = "sha256:2bb5de3d52056a228dd48a6d027fc279f0c94a11f28bc43b79c43a1624ec032d", size = 165404717, upload-time = "2025-09-04T22:06:23.494Z" },
    { url = "https://files.pythonhosted.org/packages/f8/72/ba5d5ac34f66e414def0aede1996874bb6c7e85518d149854038f71aa7b6/pynini-2.1.7-cp39-cp39-manylinux_2_27_x86_64.manylinux_2_28_x86_64.whl", hash = "sha256:19180e366e2e1271f424385763c25032d36b08208b71e8b42eec14465344cdb9", size = 165401360, upload-time = "2025-09-04T22:06:29.86Z" },
    { url = "https://files.pythonhosted.org/packages/a1/e5/3b37743563f9b63101de6cf7c66bb895767f38dc47970ec9545a60740693/pynini-2.1.7-pp310-pypy310_pp73-manylinux_2_27_x86_64.manylinux_2_28_x86_64.whl", hash = "sha256:64403cb3fe1ca265a74688ba35fb294ed38eb8c7645c109e24225befcf9b0dee", size = 100613739, upload-time = "2025-09-04T22:06:34.979Z" },
    { url = "https://files.pythonhosted.org/packages/5e/19/3a97b5eb33ea23e8e918957ddffd2c5d08582a7aef0abdd9fcdaba3143b1/pynini-2.1.7-pp311-pypy311_pp73-manylinux_2_27_x86_64.manylinux_2_28_x86_64.whl", hash = "sha256:9ac00901ad876f684dc7d3f57057545e9a064149f3e87ff2dd08b38ab1dc0f90", size = 100623057, upload-time = "2025-09-04T22:06:39.644Z" },
]

[[package]]
name = "ukr-itn"
version = "0.1.8"
source = { virtual = "." }
dependencies = [
    { name = "pynini", version = "2.1.6", source = { registry = "https://pypi.org/simple" }, marker = "python_full_version < '3.8'" },
    { name = "pynini", version = "2.1.7", source = { registry = "https://pypi.org/simple" }, marker = "python_full_version >= '3.8'" },
]

[package.metadata]
requires-dist = [{ name = "pynini", specifier = ">=2.1.6" }]
